
Microsoft Visual Studio Solution File, Format Version 12.00
Project("{FAE04EC0-301F-11D3-BF4B-00C04F79EFBC}") = "C1-HelloWindow", "C1-HelloWindow\C1-HelloWindow.csproj", "{D8C2E94A-70EB-42E9-9872-1F081210E0FA}"
EndProject
Project("{FAE04EC0-301F-11D3-BF4B-00C04F79EFBC}") = "Pie.Windowing", "Pie\Pie.Windowing\Pie.Windowing.csproj", "{9591225F-686F-44AE-ACA0-289B2483110F}"
EndProject
Project("{FAE04EC0-301F-11D3-BF4B-00C04F79EFBC}") = "Pie", "Pie\Pie\Pie.csproj", "{BCDCF73D-4678-4B45-ADDF-483C67B7B575}"
EndProject
Project("{FAE04EC0-301F-11D3-BF4B-00C04F79EFBC}") = "Pie.Utils", "Pie\Pie.Utils\Pie.Utils.csproj", "{DC4B7F92-9EE0-4DB3-B75C-556E033CFB82}"
EndProject
Project("{FAE04EC0-301F-11D3-BF4B-00C04F79EFBC}") = "Pie.ShaderCompiler", "Pie\Pie.ShaderCompiler\Pie.ShaderCompiler.csproj", "{9E9B7135-8116-4DFA-815A-BE882E847CA6}"
EndProject
Project("{FAE04EC0-301F-11D3-BF4B-00C04F79EFBC}") = "C2-HelloQuad", "C2-HelloQuad\C2-HelloQuad.csproj", "{22EB6C0A-8BAA-4472-BE8E-D7129BBA0688}"
EndProject
Project("{FAE04EC0-301F-11D3-BF4B-00C04F79EFBC}") = "C1.1-HelloSilk", "C1.1-HelloSilk\C1.1-HelloSilk.csproj", "{B0A5606E-F4D7-4883-875A-B7E823297C2E}"
EndProject
Project("{FAE04EC0-301F-11D3-BF4B-00C04F79EFBC}") = "Pie.Extensions.SilkWindowing", "Pie\Pie.Extensions.SilkWindowing\Pie.Extensions.SilkWindowing.csproj", "{2E306EB9-C46F-47FC-9AC8-225248C01886}"
EndProject
Project("{FAE04EC0-301F-11D3-BF4B-00C04F79EFBC}") = "C3-Textures", "C3-Textures\C3-Textures.csproj", "{DF4D49E7-FD50-4E90-A773-866E3B514C62}"
EndProject
Project("{FAE04EC0-301F-11D3-BF4B-00C04F79EFBC}") = "Common", "Common\Common.csproj", "{418D378F-D6B0-4A45-B43D-1B4B547706BA}"
EndProject
Project("{FAE04EC0-301F-11D3-BF4B-00C04F79EFBC}") = "C4-Transformations", "C4-Transformations\C4-Transformations.csproj", "{D3486ECC-367E-4274-ABF1-D4F3E32B522A}"
EndProject
Global
	GlobalSection(SolutionConfigurationPlatforms) = preSolution
		Debug|Any CPU = Debug|Any CPU
		Release|Any CPU = Release|Any CPU
	EndGlobalSection
	GlobalSection(ProjectConfigurationPlatforms) = postSolution
		{D8C2E94A-70EB-42E9-9872-1F081210E0FA}.Debug|Any CPU.ActiveCfg = Debug|Any CPU
		{D8C2E94A-70EB-42E9-9872-1F081210E0FA}.Debug|Any CPU.Build.0 = Debug|Any CPU
		{D8C2E94A-70EB-42E9-9872-1F081210E0FA}.Release|Any CPU.ActiveCfg = Release|Any CPU
		{D8C2E94A-70EB-42E9-9872-1F081210E0FA}.Release|Any CPU.Build.0 = Release|Any CPU
		{9591225F-686F-44AE-ACA0-289B2483110F}.Debug|Any CPU.ActiveCfg = Debug|Any CPU
		{9591225F-686F-44AE-ACA0-289B2483110F}.Debug|Any CPU.Build.0 = Debug|Any CPU
		{9591225F-686F-44AE-ACA0-289B2483110F}.Release|Any CPU.ActiveCfg = Release|Any CPU
		{9591225F-686F-44AE-ACA0-289B2483110F}.Release|Any CPU.Build.0 = Release|Any CPU
		{BCDCF73D-4678-4B45-ADDF-483C67B7B575}.Debug|Any CPU.ActiveCfg = Debug|Any CPU
		{BCDCF73D-4678-4B45-ADDF-483C67B7B575}.Debug|Any CPU.Build.0 = Debug|Any CPU
		{BCDCF73D-4678-4B45-ADDF-483C67B7B575}.Release|Any CPU.ActiveCfg = Release|Any CPU
		{BCDCF73D-4678-4B45-ADDF-483C67B7B575}.Release|Any CPU.Build.0 = Release|Any CPU
		{DC4B7F92-9EE0-4DB3-B75C-556E033CFB82}.Debug|Any CPU.ActiveCfg = Debug|Any CPU
		{DC4B7F92-9EE0-4DB3-B75C-556E033CFB82}.Debug|Any CPU.Build.0 = Debug|Any CPU
		{DC4B7F92-9EE0-4DB3-B75C-556E033CFB82}.Release|Any CPU.ActiveCfg = Release|Any CPU
		{DC4B7F92-9EE0-4DB3-B75C-556E033CFB82}.Release|Any CPU.Build.0 = Release|Any CPU
		{9E9B7135-8116-4DFA-815A-BE882E847CA6}.Debug|Any CPU.ActiveCfg = Debug|Any CPU
		{9E9B7135-8116-4DFA-815A-BE882E847CA6}.Debug|Any CPU.Build.0 = Debug|Any CPU
		{9E9B7135-8116-4DFA-815A-BE882E847CA6}.Release|Any CPU.ActiveCfg = Release|Any CPU
		{9E9B7135-8116-4DFA-815A-BE882E847CA6}.Release|Any CPU.Build.0 = Release|Any CPU
		{22EB6C0A-8BAA-4472-BE8E-D7129BBA0688}.Debug|Any CPU.ActiveCfg = Debug|Any CPU
		{22EB6C0A-8BAA-4472-BE8E-D7129BBA0688}.Debug|Any CPU.Build.0 = Debug|Any CPU
		{22EB6C0A-8BAA-4472-BE8E-D7129BBA0688}.Release|Any CPU.ActiveCfg = Release|Any CPU
		{22EB6C0A-8BAA-4472-BE8E-D7129BBA0688}.Release|Any CPU.Build.0 = Release|Any CPU
		{B0A5606E-F4D7-4883-875A-B7E823297C2E}.Debug|Any CPU.ActiveCfg = Debug|Any CPU
		{B0A5606E-F4D7-4883-875A-B7E823297C2E}.Debug|Any CPU.Build.0 = Debug|Any CPU
		{B0A5606E-F4D7-4883-875A-B7E823297C2E}.Release|Any CPU.ActiveCfg = Release|Any CPU
		{B0A5606E-F4D7-4883-875A-B7E823297C2E}.Release|Any CPU.Build.0 = Release|Any CPU
		{2E306EB9-C46F-47FC-9AC8-225248C01886}.Debug|Any CPU.ActiveCfg = Debug|Any CPU
		{2E306EB9-C46F-47FC-9AC8-225248C01886}.Debug|Any CPU.Build.0 = Debug|Any CPU
		{2E306EB9-C46F-47FC-9AC8-225248C01886}.Release|Any CPU.ActiveCfg = Release|Any CPU
		{2E306EB9-C46F-47FC-9AC8-225248C01886}.Release|Any CPU.Build.0 = Release|Any CPU
		{DF4D49E7-FD50-4E90-A773-866E3B514C62}.Debug|Any CPU.ActiveCfg = Debug|Any CPU
		{DF4D49E7-FD50-4E90-A773-866E3B514C62}.Debug|Any CPU.Build.0 = Debug|Any CPU
		{DF4D49E7-FD50-4E90-A773-866E3B514C62}.Release|Any CPU.ActiveCfg = Release|Any CPU
		{DF4D49E7-FD50-4E90-A773-866E3B514C62}.Release|Any CPU.Build.0 = Release|Any CPU
		{418D378F-D6B0-4A45-B43D-1B4B547706BA}.Debug|Any CPU.ActiveCfg = Debug|Any CPU
		{418D378F-D6B0-4A45-B43D-1B4B547706BA}.Debug|Any CPU.Build.0 = Debug|Any CPU
		{418D378F-D6B0-4A45-B43D-1B4B547706BA}.Release|Any CPU.ActiveCfg = Release|Any CPU
		{418D378F-D6B0-4A45-B43D-1B4B547706BA}.Release|Any CPU.Build.0 = Release|Any CPU
		{D3486ECC-367E-4274-ABF1-D4F3E32B522A}.Debug|Any CPU.ActiveCfg = Debug|Any CPU
		{D3486ECC-367E-4274-ABF1-D4F3E32B522A}.Debug|Any CPU.Build.0 = Debug|Any CPU
		{D3486ECC-367E-4274-ABF1-D4F3E32B522A}.Release|Any CPU.ActiveCfg = Release|Any CPU
		{D3486ECC-367E-4274-ABF1-D4F3E32B522A}.Release|Any CPU.Build.0 = Release|Any CPU
	EndGlobalSection
EndGlobal
